// !$*UTF8*$!
{
	archiveVersion = 1;
	classes = {
	};
	objectVersion = 46;
	objects = {

/* Begin PBXBuildFile section */
		41496A7F1DB5A8FF007C1B4A /* AppDelegate.swift in Sources */ = {isa = PBXBuildFile; fileRef = 41496A7E1DB5A8FF007C1B4A /* AppDelegate.swift */; };
		41496A811DB5A8FF007C1B4A /* ViewController.swift in Sources */ = {isa = PBXBuildFile; fileRef = 41496A801DB5A8FF007C1B4A /* ViewController.swift */; };
		41496A841DB5A8FF007C1B4A /* Main.storyboard in Resources */ = {isa = PBXBuildFile; fileRef = 41496A821DB5A8FF007C1B4A /* Main.storyboard */; };
		41496A871DB5A8FF007C1B4A /* Passenger_Pigeon.xcdatamodeld in Sources */ = {isa = PBXBuildFile; fileRef = 41496A851DB5A8FF007C1B4A /* Passenger_Pigeon.xcdatamodeld */; };
		41496A891DB5A8FF007C1B4A /* Assets.xcassets in Resources */ = {isa = PBXBuildFile; fileRef = 41496A881DB5A8FF007C1B4A /* Assets.xcassets */; };
		41496A8C1DB5A8FF007C1B4A /* LaunchScreen.storyboard in Resources */ = {isa = PBXBuildFile; fileRef = 41496A8A1DB5A8FF007C1B4A /* LaunchScreen.storyboard */; };
		41496A971DB5A8FF007C1B4A /* Passenger_PigeonTests.swift in Sources */ = {isa = PBXBuildFile; fileRef = 41496A961DB5A8FF007C1B4A /* Passenger_PigeonTests.swift */; };
		41496AA21DB5A900007C1B4A /* Passenger_PigeonUITests.swift in Sources */ = {isa = PBXBuildFile; fileRef = 41496AA11DB5A900007C1B4A /* Passenger_PigeonUITests.swift */; };
/* End PBXBuildFile section */

/* Begin PBXContainerItemProxy section */
		41496A931DB5A8FF007C1B4A /* PBXContainerItemProxy */ = {
			isa = PBXContainerItemProxy;
			containerPortal = 41496A731DB5A8FF007C1B4A /* Project object */;
			proxyType = 1;
			remoteGlobalIDString = 41496A7A1DB5A8FF007C1B4A;
			remoteInfo = "Passenger-Pigeon";
		};
		41496A9E1DB5A900007C1B4A /* PBXContainerItemProxy */ = {
			isa = PBXContainerItemProxy;
			containerPortal = 41496A731DB5A8FF007C1B4A /* Project object */;
			proxyType = 1;
			remoteGlobalIDString = 41496A7A1DB5A8FF007C1B4A;
			remoteInfo = "Passenger-Pigeon";
		};
/* End PBXContainerItemProxy section */

/* Begin PBXFileReference section */
		41496A7B1DB5A8FF007C1B4A /* Passenger-Pigeon.app */ = {isa = PBXFileReference; explicitFileType = wrapper.application; includeInIndex = 0; path = "Passenger-Pigeon.app"; sourceTree = BUILT_PRODUCTS_DIR; };
		41496A7E1DB5A8FF007C1B4A /* AppDelegate.swift */ = {isa = PBXFileReference; lastKnownFileType = sourcecode.swift; path = AppDelegate.swift; sourceTree = "<group>"; };
		41496A801DB5A8FF007C1B4A /* ViewController.swift */ = {isa = PBXFileReference; lastKnownFileType = sourcecode.swift; path = ViewController.swift; sourceTree = "<group>"; };
		41496A831DB5A8FF007C1B4A /* Base */ = {isa = PBXFileReference; lastKnownFileType = file.storyboard; name = Base; path = Base.lproj/Main.storyboard; sourceTree = "<group>"; };
		41496A861DB5A8FF007C1B4A /* Passenger_Pigeon.xcdatamodel */ = {isa = PBXFileReference; lastKnownFileType = wrapper.xcdatamodel; path = Passenger_Pigeon.xcdatamodel; sourceTree = "<group>"; };
		41496A881DB5A8FF007C1B4A /* Assets.xcassets */ = {isa = PBXFileReference; lastKnownFileType = folder.assetcatalog; path = Assets.xcassets; sourceTree = "<group>"; };
		41496A8B1DB5A8FF007C1B4A /* Base */ = {isa = PBXFileReference; lastKnownFileType = file.storyboard; name = Base; path = Base.lproj/LaunchScreen.storyboard; sourceTree = "<group>"; };
		41496A8D1DB5A8FF007C1B4A /* Info.plist */ = {isa = PBXFileReference; lastKnownFileType = text.plist.xml; path = Info.plist; sourceTree = "<group>"; };
		41496A921DB5A8FF007C1B4A /* Passenger-PigeonTests.xctest */ = {isa = PBXFileReference; explicitFileType = wrapper.cfbundle; includeInIndex = 0; path = "Passenger-PigeonTests.xctest"; sourceTree = BUILT_PRODUCTS_DIR; };
		41496A961DB5A8FF007C1B4A /* Passenger_PigeonTests.swift */ = {isa = PBXFileReference; lastKnownFileType = sourcecode.swift; path = Passenger_PigeonTests.swift; sourceTree = "<group>"; };
		41496A981DB5A8FF007C1B4A /* Info.plist */ = {isa = PBXFileReference; lastKnownFileType = text.plist.xml; path = Info.plist; sourceTree = "<group>"; };
		41496A9D1DB5A900007C1B4A /* Passenger-PigeonUITests.xctest */ = {isa = PBXFileReference; explicitFileType = wrapper.cfbundle; includeInIndex = 0; path = "Passenger-PigeonUITests.xctest"; sourceTree = BUILT_PRODUCTS_DIR; };
		41496AA11DB5A900007C1B4A /* Passenger_PigeonUITests.swift */ = {isa = PBXFileReference; lastKnownFileType = sourcecode.swift; path = Passenger_PigeonUITests.swift; sourceTree = "<group>"; };
		41496AA31DB5A900007C1B4A /* Info.plist */ = {isa = PBXFileReference; lastKnownFileType = text.plist.xml; path = Info.plist; sourceTree = "<group>"; };
/* End PBXFileReference section */

/* Begin PBXFrameworksBuildPhase section */
		41496A781DB5A8FF007C1B4A /* Frameworks */ = {
			isa = PBXFrameworksBuildPhase;
			buildActionMask = 2147483647;
			files = (
			);
			runOnlyForDeploymentPostprocessing = 0;
		};
		41496A8F1DB5A8FF007C1B4A /* Frameworks */ = {
			isa = PBXFrameworksBuildPhase;
			buildActionMask = 2147483647;
			files = (
			);
			runOnlyForDeploymentPostprocessing = 0;
		};
		41496A9A1DB5A900007C1B4A /* Frameworks */ = {
			isa = PBXFrameworksBuildPhase;
			buildActionMask = 2147483647;
			files = (
			);
			runOnlyForDeploymentPostprocessing = 0;
		};
/* End PBXFrameworksBuildPhase section */

/* Begin PBXGroup section */
		41496A721DB5A8FF007C1B4A = {
			isa = PBXGroup;
			children = (
				41496A7D1DB5A8FF007C1B4A /* Passenger-Pigeon */,
				41496A951DB5A8FF007C1B4A /* Passenger-PigeonTests */,
				41496AA01DB5A900007C1B4A /* Passenger-PigeonUITests */,
				41496A7C1DB5A8FF007C1B4A /* Products */,
			);
			sourceTree = "<group>";
		};
		41496A7C1DB5A8FF007C1B4A /* Products */ = {
			isa = PBXGroup;
			children = (
				41496A7B1DB5A8FF007C1B4A /* Passenger-Pigeon.app */,
				41496A921DB5A8FF007C1B4A /* Passenger-PigeonTests.xctest */,
				41496A9D1DB5A900007C1B4A /* Passenger-PigeonUITests.xctest */,
			);
			name = Products;
			sourceTree = "<group>";
		};
		41496A7D1DB5A8FF007C1B4A /* Passenger-Pigeon */ = {
			isa = PBXGroup;
			children = (
				41496A7E1DB5A8FF007C1B4A /* AppDelegate.swift */,
				41496A801DB5A8FF007C1B4A /* ViewController.swift */,
				41496A821DB5A8FF007C1B4A /* Main.storyboard */,
				41496A881DB5A8FF007C1B4A /* Assets.xcassets */,
				41496A8A1DB5A8FF007C1B4A /* LaunchScreen.storyboard */,
				41496A8D1DB5A8FF007C1B4A /* Info.plist */,
				41496A851DB5A8FF007C1B4A /* Passenger_Pigeon.xcdatamodeld */,
			);
			path = "Passenger-Pigeon";
			sourceTree = "<group>";
		};
		41496A951DB5A8FF007C1B4A /* Passenger-PigeonTests */ = {
			isa = PBXGroup;
			children = (
				41496A961DB5A8FF007C1B4A /* Passenger_PigeonTests.swift */,
				41496A981DB5A8FF007C1B4A /* Info.plist */,
			);
			path = "Passenger-PigeonTests";
			sourceTree = "<group>";
		};
		41496AA01DB5A900007C1B4A /* Passenger-PigeonUITests */ = {
			isa = PBXGroup;
			children = (
				41496AA11DB5A900007C1B4A /* Passenger_PigeonUITests.swift */,
				41496AA31DB5A900007C1B4A /* Info.plist */,
			);
			path = "Passenger-PigeonUITests";
			sourceTree = "<group>";
		};
/* End PBXGroup section */

/* Begin PBXNativeTarget section */
		41496A7A1DB5A8FF007C1B4A /* Passenger-Pigeon */ = {
			isa = PBXNativeTarget;
			buildConfigurationList = 41496AA61DB5A900007C1B4A /* Build configuration list for PBXNativeTarget "Passenger-Pigeon" */;
			buildPhases = (
				41496A771DB5A8FF007C1B4A /* Sources */,
				41496A781DB5A8FF007C1B4A /* Frameworks */,
				41496A791DB5A8FF007C1B4A /* Resources */,
			);
			buildRules = (
			);
			dependencies = (
			);
			name = "Passenger-Pigeon";
			productName = "Passenger-Pigeon";
			productReference = 41496A7B1DB5A8FF007C1B4A /* Passenger-Pigeon.app */;
			productType = "com.apple.product-type.application";
		};
		41496A911DB5A8FF007C1B4A /* Passenger-PigeonTests */ = {
			isa = PBXNativeTarget;
			buildConfigurationList = 41496AA91DB5A900007C1B4A /* Build configuration list for PBXNativeTarget "Passenger-PigeonTests" */;
			buildPhases = (
				41496A8E1DB5A8FF007C1B4A /* Sources */,
				41496A8F1DB5A8FF007C1B4A /* Frameworks */,
				41496A901DB5A8FF007C1B4A /* Resources */,
			);
			buildRules = (
			);
			dependencies = (
				41496A941DB5A8FF007C1B4A /* PBXTargetDependency */,
			);
			name = "Passenger-PigeonTests";
			productName = "Passenger-PigeonTests";
			productReference = 41496A921DB5A8FF007C1B4A /* Passenger-PigeonTests.xctest */;
			productType = "com.apple.product-type.bundle.unit-test";
		};
		41496A9C1DB5A900007C1B4A /* Passenger-PigeonUITests */ = {
			isa = PBXNativeTarget;
			buildConfigurationList = 41496AAC1DB5A900007C1B4A /* Build configuration list for PBXNativeTarget "Passenger-PigeonUITests" */;
			buildPhases = (
				41496A991DB5A900007C1B4A /* Sources */,
				41496A9A1DB5A900007C1B4A /* Frameworks */,
				41496A9B1DB5A900007C1B4A /* Resources */,
			);
			buildRules = (
			);
			dependencies = (
				41496A9F1DB5A900007C1B4A /* PBXTargetDependency */,
			);
			name = "Passenger-PigeonUITests";
			productName = "Passenger-PigeonUITests";
			productReference = 41496A9D1DB5A900007C1B4A /* Passenger-PigeonUITests.xctest */;
			productType = "com.apple.product-type.bundle.ui-testing";
		};
/* End PBXNativeTarget section */

/* Begin PBXProject section */
		41496A731DB5A8FF007C1B4A /* Project object */ = {
			isa = PBXProject;
			attributes = {
				LastSwiftUpdateCheck = 0730;
				LastUpgradeCheck = 0730;
				ORGANIZATIONNAME = "Infinia Press Open Source Foundation";
				TargetAttributes = {
					41496A7A1DB5A8FF007C1B4A = {
						CreatedOnToolsVersion = 7.3.1;
					};
					41496A911DB5A8FF007C1B4A = {
						CreatedOnToolsVersion = 7.3.1;
						TestTargetID = 41496A7A1DB5A8FF007C1B4A;
					};
					41496A9C1DB5A900007C1B4A = {
						CreatedOnToolsVersion = 7.3.1;
						TestTargetID = 41496A7A1DB5A8FF007C1B4A;
					};
				};
			};
			buildConfigurationList = 41496A761DB5A8FF007C1B4A /* Build configuration list for PBXProject "Passenger-Pigeon" */;
			compatibilityVersion = "Xcode 3.2";
			developmentRegion = English;
			hasScannedForEncodings = 0;
			knownRegions = (
				en,
				Base,
			);
			mainGroup = 41496A721DB5A8FF007C1B4A;
			productRefGroup = 41496A7C1DB5A8FF007C1B4A /* Products */;
			projectDirPath = "";
			projectRoot = "";
			targets = (
				41496A7A1DB5A8FF007C1B4A /* Passenger-Pigeon */,
				41496A911DB5A8FF007C1B4A /* Passenger-PigeonTests */,
				41496A9C1DB5A900007C1B4A /* Passenger-PigeonUITests */,
			);
		};
/* End PBXProject section */

/* Begin PBXResourcesBuildPhase section */
		41496A791DB5A8FF007C1B4A /* Resources */ = {
			isa = PBXResourcesBuildPhase;
			buildActionMask = 2147483647;
			files = (
				41496A8C1DB5A8FF007C1B4A /* LaunchScreen.storyboard in Resources */,
				41496A891DB5A8FF007C1B4A /* Assets.xcassets in Resources */,
				41496A841DB5A8FF007C1B4A /* Main.storyboard in Resources */,
			);
			runOnlyForDeploymentPostprocessing = 0;
		};
		41496A901DB5A8FF007C1B4A /* Resources */ = {
			isa = PBXResourcesBuildPhase;
			buildActionMask = 2147483647;
			files = (
			);
			runOnlyForDeploymentPostprocessing = 0;
		};
		41496A9B1DB5A900007C1B4A /* Resources */ = {
			isa = PBXResourcesBuildPhase;
			buildActionMask = 2147483647;
			files = (
			);
			runOnlyForDeploymentPostprocessing = 0;
		};
/* End PBXResourcesBuildPhase section */

/* Begin PBXSourcesBuildPhase section */
		41496A771DB5A8FF007C1B4A /* Sources */ = {
			isa = PBXSourcesBuildPhase;
			buildActionMask = 2147483647;
			files = (
				41496A811DB5A8FF007C1B4A /* ViewController.swift in Sources */,
				41496A871DB5A8FF007C1B4A /* Passenger_Pigeon.xcdatamodeld in Sources */,
				41496A7F1DB5A8FF007C1B4A /* AppDelegate.swift in Sources */,
			);
			runOnlyForDeploymentPostprocessing = 0;
		};
		41496A8E1DB5A8FF007C1B4A /* Sources */ = {
			isa = PBXSourcesBuildPhase;
			buildActionMask = 2147483647;
			files = (
				41496A971DB5A8FF007C1B4A /* Passenger_PigeonTests.swift in Sources */,
			);
			runOnlyForDeploymentPostprocessing = 0;
		};
		41496A991DB5A900007C1B4A /* Sources */ = {
			isa = PBXSourcesBuildPhase;
			buildActionMask = 2147483647;
			files = (
				41496AA21DB5A900007C1B4A /* Passenger_PigeonUITests.swift in Sources */,
			);
			runOnlyForDeploymentPostprocessing = 0;
		};
/* End PBXSourcesBuildPhase section */

/* Begin PBXTargetDependency section */
		41496A941DB5A8FF007C1B4A /* PBXTargetDependency */ = {
			isa = PBXTargetDependency;
			target = 41496A7A1DB5A8FF007C1B4A /* Passenger-Pigeon */;
			targetProxy = 41496A931DB5A8FF007C1B4A /* PBXContainerItemProxy */;
		};
		41496A9F1DB5A900007C1B4A /* PBXTargetDependency */ = {
			isa = PBXTargetDependency;
			target = 41496A7A1DB5A8FF007C1B4A /* Passenger-Pigeon */;
			targetProxy = 41496A9E1DB5A900007C1B4A /* PBXContainerItemProxy */;
		};
/* End PBXTargetDependency section */

/* Begin PBXVariantGroup section */
		41496A821DB5A8FF007C1B4A /* Main.storyboard */ = {
			isa = PBXVariantGroup;
			children = (
				41496A831DB5A8FF007C1B4A /* Base */,
			);
			name = Main.storyboard;
			sourceTree = "<group>";
		};
		41496A8A1DB5A8FF007C1B4A /* LaunchScreen.storyboard */ = {
			isa = PBXVariantGroup;
			children = (
				41496A8B1DB5A8FF007C1B4A /* Base */,
			);
			name = LaunchScreen.storyboard;
			sourceTree = "<group>";
		};
/* End PBXVariantGroup section */

/* Begin XCBuildConfiguration section */
		41496AA41DB5A900007C1B4A /* Debug */ = {
			isa = XCBuildConfiguration;
			buildSettings = {
				ALWAYS_SEARCH_USER_PATHS = NO;
				CLANG_ANALYZER_NONNULL = YES;
				CLANG_CXX_LANGUAGE_STANDARD = "gnu++0x";
				CLANG_CXX_LIBRARY = "libc++";
				CLANG_ENABLE_MODULES = YES;
				CLANG_ENABLE_OBJC_ARC = YES;
				CLANG_WARN_BOOL_CONVERSION = YES;
				CLANG_WARN_CONSTANT_CONVERSION = YES;
				CLANG_WARN_DIRECT_OBJC_ISA_USAGE = YES_ERROR;
				CLANG_WARN_EMPTY_BODY = YES;
				CLANG_WARN_ENUM_CONVERSION = YES;
				CLANG_WARN_INT_CONVERSION = YES;
				CLANG_WARN_OBJC_ROOT_CLASS = YES_ERROR;
				CLANG_WARN_UNREACHABLE_CODE = YES;
				CLANG_WARN__DUPLICATE_METHOD_MATCH = YES;
				"CODE_SIGN_IDENTITY[sdk=iphoneos*]" = "iPhone Developer";
				COPY_PHASE_STRIP = NO;
				DEBUG_INFORMATION_FORMAT = dwarf;
				ENABLE_STRICT_OBJC_MSGSEND = YES;
				ENABLE_TESTABILITY = YES;
				GCC_C_LANGUAGE_STANDARD = gnu99;
				GCC_DYNAMIC_NO_PIC = NO;
				GCC_NO_COMMON_BLOCKS = YES;
				GCC_OPTIMIZATION_LEVEL = 0;
				GCC_PREPROCESSOR_DEFINITIONS = (
					"DEBUG=1",
					"$(inherited)",
				);
				GCC_WARN_64_TO_32_BIT_CONVERSION = YES;
				GCC_WARN_ABOUT_RETURN_TYPE = YES_ERROR;
				GCC_WARN_UNDECLARED_SELECTOR = YES;
				GCC_WARN_UNINITIALIZED_AUTOS = YES_AGGRESSIVE;
				GCC_WARN_UNUSED_FUNCTION = YES;
				GCC_WARN_UNUSED_VARIABLE = YES;
				IPHONEOS_DEPLOYMENT_TARGET = 9.3;
				MTL_ENABLE_DEBUG_INFO = YES;
				ONLY_ACTIVE_ARCH = YES;
				SDKROOT = iphoneos;
				SWIFT_OPTIMIZATION_LEVEL = "-Onone";
				TARGETED_DEVICE_FAMILY = "1,2";
			};
			name = Debug;
		};
		41496AA51DB5A900007C1B4A /* Release */ = {
			isa = XCBuildConfiguration;
			buildSettings = {
				ALWAYS_SEARCH_USER_PATHS = NO;
				CLANG_ANALYZER_NONNULL = YES;
				CLANG_CXX_LANGUAGE_STANDARD = "gnu++0x";
				CLANG_CXX_LIBRARY = "libc++";
				CLANG_ENABLE_MODULES = YES;
				CLANG_ENABLE_OBJC_ARC = YES;
				CLANG_WARN_BOOL_CONVERSION = YES;
				CLANG_WARN_CONSTANT_CONVERSION = YES;
				CLANG_WARN_DIRECT_OBJC_ISA_USAGE = YES_ERROR;
				CLANG_WARN_EMPTY_BODY = YES;
				CLANG_WARN_ENUM_CONVERSION = YES;
				CLANG_WARN_INT_CONVERSION = YES;
				CLANG_WARN_OBJC_ROOT_CLASS = YES_ERROR;
				CLANG_WARN_UNREACHABLE_CODE = YES;
				CLANG_WARN__DUPLICATE_METHOD_MATCH = YES;
				"CODE_SIGN_IDENTITY[sdk=iphoneos*]" = "iPhone Developer";
				COPY_PHASE_STRIP = NO;
				DEBUG_INFORMATION_FORMAT = "dwarf-with-dsym";
				ENABLE_NS_ASSERTIONS = NO;
				ENABLE_STRICT_OBJC_MSGSEND = YES;
				GCC_C_LANGUAGE_STANDARD = gnu99;
				GCC_NO_COMMON_BLOCKS = YES;
				GCC_WARN_64_TO_32_BIT_CONVERSION = YES;
				GCC_WARN_ABOUT_RETURN_TYPE = YES_ERROR;
				GCC_WARN_UNDECLARED_SELECTOR = YES;
				GCC_WARN_UNINITIALIZED_AUTOS = YES_AGGRESSIVE;
				GCC_WARN_UNUSED_FUNCTION = YES;
				GCC_WARN_UNUSED_VARIABLE = YES;
				IPHONEOS_DEPLOYMENT_TARGET = 9.3;
				MTL_ENABLE_DEBUG_INFO = NO;
				SDKROOT = iphoneos;
				TARGETED_DEVICE_FAMILY = "1,2";
				VALIDATE_PRODUCT = YES;
			};
			name = Release;
		};
		41496AA71DB5A900007C1B4A /* Debug */ = {
			isa = XCBuildConfiguration;
			buildSettings = {
				ASSETCATALOG_COMPILER_APPICON_NAME = AppIcon;
				INFOPLIST_FILE = "Passenger-Pigeon/Info.plist";
				LD_RUNPATH_SEARCH_PATHS = "$(inherited) @executable_path/Frameworks";
				PRODUCT_BUNDLE_IDENTIFIER = "press.infinia.Passenger-Pigeon";
				PRODUCT_NAME = "$(TARGET_NAME)";
			};
			name = Debug;
		};
		41496AA81DB5A900007C1B4A /* Release */ = {
			isa = XCBuildConfiguration;
			buildSettings = {
				ASSETCATALOG_COMPILER_APPICON_NAME = AppIcon;
				INFOPLIST_FILE = "Passenger-Pigeon/Info.plist";
				LD_RUNPATH_SEARCH_PATHS = "$(inherited) @executable_path/Frameworks";
				PRODUCT_BUNDLE_IDENTIFIER = "press.infinia.Passenger-Pigeon";
				PRODUCT_NAME = "$(TARGET_NAME)";
			};
			name = Release;
		};
		41496AAA1DB5A900007C1B4A /* Debug */ = {
			isa = XCBuildConfiguration;
			buildSettings = {
				BUNDLE_LOADER = "$(TEST_HOST)";
				INFOPLIST_FILE = "Passenger-PigeonTests/Info.plist";
				LD_RUNPATH_SEARCH_PATHS = "$(inherited) @executable_path/Frameworks @loader_path/Frameworks";
				PRODUCT_BUNDLE_IDENTIFIER = "press.infinia.Passenger-PigeonTests";
				PRODUCT_NAME = "$(TARGET_NAME)";
				TEST_HOST = "$(BUILT_PRODUCTS_DIR)/Passenger-Pigeon.app/Passenger-Pigeon";
			};
			name = Debug;
		};
		41496AAB1DB5A900007C1B4A /* Release */ = {
			isa = XCBuildConfiguration;
			buildSettings = {
				BUNDLE_LOADER = "$(TEST_HOST)";
				INFOPLIST_FILE = "Passenger-PigeonTests/Info.plist";
				LD_RUNPATH_SEARCH_PATHS = "$(inherited) @executable_path/Frameworks @loader_path/Frameworks";
				PRODUCT_BUNDLE_IDENTIFIER = "press.infinia.Passenger-PigeonTests";
				PRODUCT_NAME = "$(TARGET_NAME)";
				TEST_HOST = "$(BUILT_PRODUCTS_DIR)/Passenger-Pigeon.app/Passenger-Pigeon";
			};
			name = Release;
		};
		41496AAD1DB5A900007C1B4A /* Debug */ = {
			isa = XCBuildConfiguration;
			buildSettings = {
				INFOPLIST_FILE = "Passenger-PigeonUITests/Info.plist";
				LD_RUNPATH_SEARCH_PATHS = "$(inherited) @executable_path/Frameworks @loader_path/Frameworks";
				PRODUCT_BUNDLE_IDENTIFIER = "press.infinia.Passenger-PigeonUITests";
				PRODUCT_NAME = "$(TARGET_NAME)";
				TEST_TARGET_NAME = "Passenger-Pigeon";
			};
			name = Debug;
		};
		41496AAE1DB5A900007C1B4A /* Release */ = {
			isa = XCBuildConfiguration;
			buildSettings = {
				INFOPLIST_FILE = "Passenger-PigeonUITests/Info.plist";
				LD_RUNPATH_SEARCH_PATHS = "$(inherited) @executable_path/Frameworks @loader_path/Frameworks";
				PRODUCT_BUNDLE_IDENTIFIER = "press.infinia.Passenger-PigeonUITests";
				PRODUCT_NAME = "$(TARGET_NAME)";
				TEST_TARGET_NAME = "Passenger-Pigeon";
			};
			name = Release;
		};
/* End XCBuildConfiguration section */

/* Begin XCConfigurationList section */
		41496A761DB5A8FF007C1B4A /* Build configuration list for PBXProject "Passenger-Pigeon" */ = {
			isa = XCConfigurationList;
			buildConfigurations = (
				41496AA41DB5A900007C1B4A /* Debug */,
				41496AA51DB5A900007C1B4A /* Release */,
			);
			defaultConfigurationIsVisible = 0;
			defaultConfigurationName = Release;
		};
		41496AA61DB5A900007C1B4A /* Build configuration list for PBXNativeTarget "Passenger-Pigeon" */ = {
			isa = XCConfigurationList;
			buildConfigurations = (
				41496AA71DB5A900007C1B4A /* Debug */,
				41496AA81DB5A900007C1B4A /* Release */,
			);
			defaultConfigurationIsVisible = 0;
		};
		41496AA91DB5A900007C1B4A /* Build configuration list for PBXNativeTarget "Passenger-PigeonTests" */ = {
			isa = XCConfigurationList;
			buildConfigurations = (
				41496AAA1DB5A900007C1B4A /* Debug */,
				41496AAB1DB5A900007C1B4A /* Release */,
			);
			defaultConfigurationIsVisible = 0;
		};
		41496AAC1DB5A900007C1B4A /* Build configuration list for PBXNativeTarget "Passenger-PigeonUITests" */ = {
			isa = XCConfigurationList;
			buildConfigurations = (
				41496AAD1DB5A900007C1B4A /* Debug */,
				41496AAE1DB5A900007C1B4A /* Release */,
			);
			defaultConfigurationIsVisible = 0;
		};
/* End XCConfigurationList section */

/* Begin XCVersionGroup section */
		41496A851DB5A8FF007C1B4A /* Passenger_Pigeon.xcdatamodeld */ = {
			isa = XCVersionGroup;
			children = (
				41496A861DB5A8FF007C1B4A /* Passenger_Pigeon.xcdatamodel */,
			);
			currentVersion = 41496A861DB5A8FF007C1B4A /* Passenger_Pigeon.xcdatamodel */;
			path = Passenger_Pigeon.xcdatamodeld;
			sourceTree = "<group>";
			versionGroupType = wrapper.xcdatamodel;
		};
/* End XCVersionGroup section */
	};
	rootObject = 41496A731DB5A8FF007C1B4A /* Project object */;
}
